// !$*UTF8*$!
{
	archiveVersion = 1;
	classes = {
	};
	objectVersion = 46;
	objects = {

/* Begin PBXBuildFile section */
		6D0D55AFE668114A94ECC8EE /* libPods-Earthshake.a in Frameworks */ = {isa = PBXBuildFile; fileRef = 53C8114C8DBDEE7A2D3D8423 /* libPods-Earthshake.a */; };
		911560FD1CA9C71900C3D0F6 /* EarthshakeCell.m in Sources */ = {isa = PBXBuildFile; fileRef = 911560FC1CA9C71900C3D0F6 /* EarthshakeCell.m */; };
		912F67BD1CA472A20034A704 /* main.m in Sources */ = {isa = PBXBuildFile; fileRef = 912F67BC1CA472A20034A704 /* main.m */; };
		912F67C01CA472A20034A704 /* EarthshakeAppDelegate.m in Sources */ = {isa = PBXBuildFile; fileRef = 912F67BF1CA472A20034A704 /* EarthshakeAppDelegate.m */; };
		912F67C31CA472A20034A704 /* EarthshakeMapViewController.m in Sources */ = {isa = PBXBuildFile; fileRef = 912F67C21CA472A20034A704 /* EarthshakeMapViewController.m */; };
		912F67C61CA472A20034A704 /* EarthshakeListViewController.m in Sources */ = {isa = PBXBuildFile; fileRef = 912F67C51CA472A20034A704 /* EarthshakeListViewController.m */; };
		912F67C91CA472A20034A704 /* Main.storyboard in Resources */ = {isa = PBXBuildFile; fileRef = 912F67C71CA472A20034A704 /* Main.storyboard */; };
		912F67CB1CA472A20034A704 /* Assets.xcassets in Resources */ = {isa = PBXBuildFile; fileRef = 912F67CA1CA472A20034A704 /* Assets.xcassets */; };
		912F67CE1CA472A20034A704 /* LaunchScreen.storyboard in Resources */ = {isa = PBXBuildFile; fileRef = 912F67CC1CA472A20034A704 /* LaunchScreen.storyboard */; };
		912F67D71CA474620034A704 /* EarthshakeServiceImpl.m in Sources */ = {isa = PBXBuildFile; fileRef = 912F67D61CA474620034A704 /* EarthshakeServiceImpl.m */; };
		915AA75D1CD3AACF00DF1B66 /* PlaceAnnotation.m in Sources */ = {isa = PBXBuildFile; fileRef = 915AA75C1CD3AACF00DF1B66 /* PlaceAnnotation.m */; };
		915AA7671CD3FB4700DF1B66 /* EarthshakeDetailsViewController.m in Sources */ = {isa = PBXBuildFile; fileRef = 915AA7661CD3FB4700DF1B66 /* EarthshakeDetailsViewController.m */; };
		9161E68E1CE82A2100173D83 /* EarthshakeSettingsViewController.m in Sources */ = {isa = PBXBuildFile; fileRef = 9161E68D1CE82A2100173D83 /* EarthshakeSettingsViewController.m */; };
		917D68DD1CA4C4AC00161784 /* EarthshakeItem.m in Sources */ = {isa = PBXBuildFile; fileRef = 917D68DC1CA4C4AC00161784 /* EarthshakeItem.m */; };
		917D68E01CA4C52600161784 /* EarthshakeItemBuilder.m in Sources */ = {isa = PBXBuildFile; fileRef = 917D68DF1CA4C52600161784 /* EarthshakeItemBuilder.m */; };
		91C8EE3A1CA6F96C00A570A2 /* EarthshakeModelFactory.m in Sources */ = {isa = PBXBuildFile; fileRef = 91C8EE391CA6F96C00A570A2 /* EarthshakeModelFactory.m */; };
		91C8EE3E1CA6FF8200A570A2 /* EarthshakeServiceFactory.m in Sources */ = {isa = PBXBuildFile; fileRef = 91C8EE3D1CA6FF8200A570A2 /* EarthshakeServiceFactory.m */; };
		91FDE0931CCC16360000011B /* english.strings in Resources */ = {isa = PBXBuildFile; fileRef = 91FDE0921CCC16360000011B /* english.strings */; };
		91FDE0961CCD1C1D0000011B /* EarthshakeBaseViewController.m in Sources */ = {isa = PBXBuildFile; fileRef = 91FDE0951CCD1C1D0000011B /* EarthshakeBaseViewController.m */; };
/* End PBXBuildFile section */

/* Begin PBXFileReference section */
		53C8114C8DBDEE7A2D3D8423 /* libPods-Earthshake.a */ = {isa = PBXFileReference; explicitFileType = archive.ar; includeInIndex = 0; path = "libPods-Earthshake.a"; sourceTree = BUILT_PRODUCTS_DIR; };
		6F4A2D728E62CCC87406E784 /* Pods-Earthshake.debug.xcconfig */ = {isa = PBXFileReference; includeInIndex = 1; lastKnownFileType = text.xcconfig; name = "Pods-Earthshake.debug.xcconfig"; path = "Pods/Target Support Files/Pods-Earthshake/Pods-Earthshake.debug.xcconfig"; sourceTree = "<group>"; };
		911560FB1CA9C71900C3D0F6 /* EarthshakeCell.h */ = {isa = PBXFileReference; fileEncoding = 4; lastKnownFileType = sourcecode.c.h; path = EarthshakeCell.h; sourceTree = "<group>"; };
		911560FC1CA9C71900C3D0F6 /* EarthshakeCell.m */ = {isa = PBXFileReference; fileEncoding = 4; lastKnownFileType = sourcecode.c.objc; path = EarthshakeCell.m; sourceTree = "<group>"; };
		912F67B81CA472A20034A704 /* Earthshake.app */ = {isa = PBXFileReference; explicitFileType = wrapper.application; includeInIndex = 0; path = Earthshake.app; sourceTree = BUILT_PRODUCTS_DIR; };
		912F67BC1CA472A20034A704 /* main.m */ = {isa = PBXFileReference; lastKnownFileType = sourcecode.c.objc; path = main.m; sourceTree = "<group>"; };
		912F67BE1CA472A20034A704 /* EarthshakeAppDelegate.h */ = {isa = PBXFileReference; lastKnownFileType = sourcecode.c.h; path = EarthshakeAppDelegate.h; sourceTree = "<group>"; };
		912F67BF1CA472A20034A704 /* EarthshakeAppDelegate.m */ = {isa = PBXFileReference; lastKnownFileType = sourcecode.c.objc; path = EarthshakeAppDelegate.m; sourceTree = "<group>"; };
		912F67C11CA472A20034A704 /* EarthshakeMapViewController.h */ = {isa = PBXFileReference; lastKnownFileType = sourcecode.c.h; path = EarthshakeMapViewController.h; sourceTree = "<group>"; };
		912F67C21CA472A20034A704 /* EarthshakeMapViewController.m */ = {isa = PBXFileReference; lastKnownFileType = sourcecode.c.objc; path = EarthshakeMapViewController.m; sourceTree = "<group>"; };
		912F67C41CA472A20034A704 /* EarthshakeListViewController.h */ = {isa = PBXFileReference; lastKnownFileType = sourcecode.c.h; path = EarthshakeListViewController.h; sourceTree = "<group>"; };
		912F67C51CA472A20034A704 /* EarthshakeListViewController.m */ = {isa = PBXFileReference; lastKnownFileType = sourcecode.c.objc; path = EarthshakeListViewController.m; sourceTree = "<group>"; };
		912F67C81CA472A20034A704 /* Base */ = {isa = PBXFileReference; lastKnownFileType = file.storyboard; name = Base; path = Base.lproj/Main.storyboard; sourceTree = "<group>"; };
		912F67CA1CA472A20034A704 /* Assets.xcassets */ = {isa = PBXFileReference; lastKnownFileType = folder.assetcatalog; path = Assets.xcassets; sourceTree = "<group>"; };
		912F67CD1CA472A20034A704 /* Base */ = {isa = PBXFileReference; lastKnownFileType = file.storyboard; name = Base; path = Base.lproj/LaunchScreen.storyboard; sourceTree = "<group>"; };
		912F67CF1CA472A20034A704 /* Info.plist */ = {isa = PBXFileReference; lastKnownFileType = text.plist.xml; path = Info.plist; sourceTree = "<group>"; };
		912F67D51CA474620034A704 /* EarthshakeServiceImpl.h */ = {isa = PBXFileReference; fileEncoding = 4; lastKnownFileType = sourcecode.c.h; path = EarthshakeServiceImpl.h; sourceTree = "<group>"; };
		912F67D61CA474620034A704 /* EarthshakeServiceImpl.m */ = {isa = PBXFileReference; fileEncoding = 4; lastKnownFileType = sourcecode.c.objc; path = EarthshakeServiceImpl.m; sourceTree = "<group>"; };
		915AA75B1CD3AACF00DF1B66 /* PlaceAnnotation.h */ = {isa = PBXFileReference; fileEncoding = 4; lastKnownFileType = sourcecode.c.h; path = PlaceAnnotation.h; sourceTree = "<group>"; };
		915AA75C1CD3AACF00DF1B66 /* PlaceAnnotation.m */ = {isa = PBXFileReference; fileEncoding = 4; lastKnownFileType = sourcecode.c.objc; path = PlaceAnnotation.m; sourceTree = "<group>"; };
		915AA7651CD3FB4700DF1B66 /* EarthshakeDetailsViewController.h */ = {isa = PBXFileReference; fileEncoding = 4; lastKnownFileType = sourcecode.c.h; path = EarthshakeDetailsViewController.h; sourceTree = "<group>"; };
		915AA7661CD3FB4700DF1B66 /* EarthshakeDetailsViewController.m */ = {isa = PBXFileReference; fileEncoding = 4; lastKnownFileType = sourcecode.c.objc; path = EarthshakeDetailsViewController.m; sourceTree = "<group>"; };
		9161E68C1CE82A2100173D83 /* EarthshakeSettingsViewController.h */ = {isa = PBXFileReference; fileEncoding = 4; lastKnownFileType = sourcecode.c.h; path = EarthshakeSettingsViewController.h; sourceTree = "<group>"; };
		9161E68D1CE82A2100173D83 /* EarthshakeSettingsViewController.m */ = {isa = PBXFileReference; fileEncoding = 4; lastKnownFileType = sourcecode.c.objc; path = EarthshakeSettingsViewController.m; sourceTree = "<group>"; };
		917D68D31CA4AE0300161784 /* EarthshakeService.h */ = {isa = PBXFileReference; fileEncoding = 4; lastKnownFileType = sourcecode.c.h; path = EarthshakeService.h; sourceTree = "<group>"; };
		917D68DB1CA4C4AC00161784 /* EarthshakeItem.h */ = {isa = PBXFileReference; fileEncoding = 4; lastKnownFileType = sourcecode.c.h; path = EarthshakeItem.h; sourceTree = "<group>"; };
		917D68DC1CA4C4AC00161784 /* EarthshakeItem.m */ = {isa = PBXFileReference; fileEncoding = 4; lastKnownFileType = sourcecode.c.objc; path = EarthshakeItem.m; sourceTree = "<group>"; };
		917D68DE1CA4C52600161784 /* EarthshakeItemBuilder.h */ = {isa = PBXFileReference; fileEncoding = 4; lastKnownFileType = sourcecode.c.h; path = EarthshakeItemBuilder.h; sourceTree = "<group>"; };
		917D68DF1CA4C52600161784 /* EarthshakeItemBuilder.m */ = {isa = PBXFileReference; fileEncoding = 4; lastKnownFileType = sourcecode.c.objc; path = EarthshakeItemBuilder.m; sourceTree = "<group>"; };
		91C8EE381CA6F96C00A570A2 /* EarthshakeModelFactory.h */ = {isa = PBXFileReference; fileEncoding = 4; lastKnownFileType = sourcecode.c.h; path = EarthshakeModelFactory.h; sourceTree = "<group>"; };
		91C8EE391CA6F96C00A570A2 /* EarthshakeModelFactory.m */ = {isa = PBXFileReference; fileEncoding = 4; lastKnownFileType = sourcecode.c.objc; path = EarthshakeModelFactory.m; sourceTree = "<group>"; };
		91C8EE3C1CA6FF8200A570A2 /* EarthshakeServiceFactory.h */ = {isa = PBXFileReference; fileEncoding = 4; lastKnownFileType = sourcecode.c.h; path = EarthshakeServiceFactory.h; sourceTree = "<group>"; };
		91C8EE3D1CA6FF8200A570A2 /* EarthshakeServiceFactory.m */ = {isa = PBXFileReference; fileEncoding = 4; lastKnownFileType = sourcecode.c.objc; path = EarthshakeServiceFactory.m; sourceTree = "<group>"; };
		91FDE0921CCC16360000011B /* english.strings */ = {isa = PBXFileReference; fileEncoding = 4; lastKnownFileType = text.plist.strings; path = english.strings; sourceTree = "<group>"; };
		91FDE0941CCD1C1D0000011B /* EarthshakeBaseViewController.h */ = {isa = PBXFileReference; fileEncoding = 4; lastKnownFileType = sourcecode.c.h; path = EarthshakeBaseViewController.h; sourceTree = "<group>"; };
		91FDE0951CCD1C1D0000011B /* EarthshakeBaseViewController.m */ = {isa = PBXFileReference; fileEncoding = 4; lastKnownFileType = sourcecode.c.objc; path = EarthshakeBaseViewController.m; sourceTree = "<group>"; };
		A3F94EEADFD6FE944F28C44A /* Pods-Earthshake.release.xcconfig */ = {isa = PBXFileReference; includeInIndex = 1; lastKnownFileType = text.xcconfig; name = "Pods-Earthshake.release.xcconfig"; path = "Pods/Target Support Files/Pods-Earthshake/Pods-Earthshake.release.xcconfig"; sourceTree = "<group>"; };
/* End PBXFileReference section */

/* Begin PBXFrameworksBuildPhase section */
		912F67B51CA472A20034A704 /* Frameworks */ = {
			isa = PBXFrameworksBuildPhase;
			buildActionMask = 2147483647;
			files = (
				6D0D55AFE668114A94ECC8EE /* libPods-Earthshake.a in Frameworks */,
			);
			runOnlyForDeploymentPostprocessing = 0;
		};
/* End PBXFrameworksBuildPhase section */

/* Begin PBXGroup section */
		07CAB5C07849B58AD2FD1BAE /* Frameworks */ = {
			isa = PBXGroup;
			children = (
				53C8114C8DBDEE7A2D3D8423 /* libPods-Earthshake.a */,
			);
			name = Frameworks;
			sourceTree = "<group>";
		};
		911560FA1CA9C6FD00C3D0F6 /* Cell */ = {
			isa = PBXGroup;
			children = (
				911560FB1CA9C71900C3D0F6 /* EarthshakeCell.h */,
				911560FC1CA9C71900C3D0F6 /* EarthshakeCell.m */,
			);
			name = Cell;
			sourceTree = "<group>";
		};
		912F67AF1CA472A20034A704 = {
			isa = PBXGroup;
			children = (
				912F67BA1CA472A20034A704 /* Earthshake */,
				912F67B91CA472A20034A704 /* Products */,
				DC100E796AF2F04A8ECB84D3 /* Pods */,
				07CAB5C07849B58AD2FD1BAE /* Frameworks */,
			);
			sourceTree = "<group>";
		};
		912F67B91CA472A20034A704 /* Products */ = {
			isa = PBXGroup;
			children = (
				912F67B81CA472A20034A704 /* Earthshake.app */,
			);
			name = Products;
			sourceTree = "<group>";
		};
		912F67BA1CA472A20034A704 /* Earthshake */ = {
			isa = PBXGroup;
			children = (
				912F67BE1CA472A20034A704 /* EarthshakeAppDelegate.h */,
				912F67BF1CA472A20034A704 /* EarthshakeAppDelegate.m */,
				917D68D81CA4C0F100161784 /* Model */,
				917D68D71CA4B60700161784 /* View */,
				917D68D61CA4B5F600161784 /* ViewController */,
				917D68D01CA4AC0F00161784 /* Service */,
				91FDE0911CCC15950000011B /* Localization */,
				912F67BB1CA472A20034A704 /* Supporting Files */,
			);
			path = Earthshake;
			sourceTree = "<group>";
		};
		912F67BB1CA472A20034A704 /* Supporting Files */ = {
			isa = PBXGroup;
			children = (
				912F67BC1CA472A20034A704 /* main.m */,
				912F67CF1CA472A20034A704 /* Info.plist */,
			);
			name = "Supporting Files";
			sourceTree = "<group>";
		};
		914FC0AB1CB9B29D0070801B /* Place */ = {
			isa = PBXGroup;
			children = (
				915AA75B1CD3AACF00DF1B66 /* PlaceAnnotation.h */,
				915AA75C1CD3AACF00DF1B66 /* PlaceAnnotation.m */,
			);
			name = Place;
			sourceTree = "<group>";
		};
		915AA7641CD3FB0200DF1B66 /* EarthshakeDetails */ = {
			isa = PBXGroup;
			children = (
				915AA7651CD3FB4700DF1B66 /* EarthshakeDetailsViewController.h */,
				915AA7661CD3FB4700DF1B66 /* EarthshakeDetailsViewController.m */,
			);
			name = EarthshakeDetails;
			sourceTree = "<group>";
		};
		917D68D01CA4AC0F00161784 /* Service */ = {
			isa = PBXGroup;
			children = (
				917D68D31CA4AE0300161784 /* EarthshakeService.h */,
				917D68D21CA4AD9000161784 /* EarthshakeServiceImpl */,
				91C8EE3B1CA6FF4D00A570A2 /* Factory */,
			);
			name = Service;
			sourceTree = "<group>";
		};
		917D68D21CA4AD9000161784 /* EarthshakeServiceImpl */ = {
			isa = PBXGroup;
			children = (
				912F67D51CA474620034A704 /* EarthshakeServiceImpl.h */,
				912F67D61CA474620034A704 /* EarthshakeServiceImpl.m */,
			);
			name = EarthshakeServiceImpl;
			sourceTree = "<group>";
		};
		917D68D61CA4B5F600161784 /* ViewController */ = {
			isa = PBXGroup;
			children = (
				91FDE0901CCB00550000011B /* Base */,
				91C8EE461CA74DE200A570A2 /* Map */,
				91C8EE471CA74DED00A570A2 /* List */,
				91EE96831CE829A000BC9A92 /* Settings */,
			);
			name = ViewController;
			sourceTree = "<group>";
		};
		917D68D71CA4B60700161784 /* View */ = {
			isa = PBXGroup;
			children = (
				912F67C71CA472A20034A704 /* Main.storyboard */,
				912F67CA1CA472A20034A704 /* Assets.xcassets */,
				912F67CC1CA472A20034A704 /* LaunchScreen.storyboard */,
			);
			name = View;
			sourceTree = "<group>";
		};
		917D68D81CA4C0F100161784 /* Model */ = {
			isa = PBXGroup;
			children = (
				917D68DA1CA4C15100161784 /* Items */,
				917D68D91CA4C14200161784 /* Builders */,
			);
			name = Model;
			sourceTree = "<group>";
		};
		917D68D91CA4C14200161784 /* Builders */ = {
			isa = PBXGroup;
			children = (
				91C8EE371CA6F91400A570A2 /* Factory */,
				91C8EE451CA74D7800A570A2 /* EarthshakeItem */,
			);
			name = Builders;
			sourceTree = "<group>";
		};
		917D68DA1CA4C15100161784 /* Items */ = {
			isa = PBXGroup;
			children = (
				914FC0AB1CB9B29D0070801B /* Place */,
				91BEA2721CBC8C190070760E /* Earthshake */,
			);
			name = Items;
			sourceTree = "<group>";
		};
		91BEA2721CBC8C190070760E /* Earthshake */ = {
			isa = PBXGroup;
			children = (
				917D68DB1CA4C4AC00161784 /* EarthshakeItem.h */,
				917D68DC1CA4C4AC00161784 /* EarthshakeItem.m */,
			);
			name = Earthshake;
			sourceTree = "<group>";
		};
		91C8EE371CA6F91400A570A2 /* Factory */ = {
			isa = PBXGroup;
			children = (
				91C8EE381CA6F96C00A570A2 /* EarthshakeModelFactory.h */,
				91C8EE391CA6F96C00A570A2 /* EarthshakeModelFactory.m */,
			);
			name = Factory;
			sourceTree = "<group>";
		};
		91C8EE3B1CA6FF4D00A570A2 /* Factory */ = {
			isa = PBXGroup;
			children = (
				91C8EE3C1CA6FF8200A570A2 /* EarthshakeServiceFactory.h */,
				91C8EE3D1CA6FF8200A570A2 /* EarthshakeServiceFactory.m */,
			);
			name = Factory;
			sourceTree = "<group>";
		};
		91C8EE451CA74D7800A570A2 /* EarthshakeItem */ = {
			isa = PBXGroup;
			children = (
				917D68DE1CA4C52600161784 /* EarthshakeItemBuilder.h */,
				917D68DF1CA4C52600161784 /* EarthshakeItemBuilder.m */,
			);
			name = EarthshakeItem;
			sourceTree = "<group>";
		};
		91C8EE461CA74DE200A570A2 /* Map */ = {
			isa = PBXGroup;
			children = (
				912F67C11CA472A20034A704 /* EarthshakeMapViewController.h */,
				912F67C21CA472A20034A704 /* EarthshakeMapViewController.m */,
			);
			name = Map;
			sourceTree = "<group>";
		};
		91C8EE471CA74DED00A570A2 /* List */ = {
			isa = PBXGroup;
			children = (
				911560FA1CA9C6FD00C3D0F6 /* Cell */,
				915AA7641CD3FB0200DF1B66 /* EarthshakeDetails */,
				912F67C41CA472A20034A704 /* EarthshakeListViewController.h */,
				912F67C51CA472A20034A704 /* EarthshakeListViewController.m */,
			);
			name = List;
			sourceTree = "<group>";
		};
		91EE96831CE829A000BC9A92 /* Settings */ = {
			isa = PBXGroup;
			children = (
				9161E68C1CE82A2100173D83 /* EarthshakeSettingsViewController.h */,
				9161E68D1CE82A2100173D83 /* EarthshakeSettingsViewController.m */,
			);
			name = Settings;
			sourceTree = "<group>";
		};
		91FDE0901CCB00550000011B /* Base */ = {
			isa = PBXGroup;
			children = (
				91FDE0941CCD1C1D0000011B /* EarthshakeBaseViewController.h */,
				91FDE0951CCD1C1D0000011B /* EarthshakeBaseViewController.m */,
			);
			name = Base;
			sourceTree = "<group>";
		};
		91FDE0911CCC15950000011B /* Localization */ = {
			isa = PBXGroup;
			children = (
				91FDE0921CCC16360000011B /* english.strings */,
			);
			name = Localization;
			sourceTree = "<group>";
		};
		DC100E796AF2F04A8ECB84D3 /* Pods */ = {
			isa = PBXGroup;
			children = (
				6F4A2D728E62CCC87406E784 /* Pods-Earthshake.debug.xcconfig */,
				A3F94EEADFD6FE944F28C44A /* Pods-Earthshake.release.xcconfig */,
			);
			name = Pods;
			sourceTree = "<group>";
		};
/* End PBXGroup section */

/* Begin PBXNativeTarget section */
		912F67B71CA472A20034A704 /* Earthshake */ = {
			isa = PBXNativeTarget;
			buildConfigurationList = 912F67D21CA472A20034A704 /* Build configuration list for PBXNativeTarget "Earthshake" */;
			buildPhases = (
				69BA218C2F18FEC43C8517D6 /* 📦 Check Pods Manifest.lock */,
				912F67B41CA472A20034A704 /* Sources */,
				912F67B51CA472A20034A704 /* Frameworks */,
				912F67B61CA472A20034A704 /* Resources */,
				D09D1EEA9003EAA171EF2D2C /* 📦 Embed Pods Frameworks */,
				9C6106B5788DD15A3C602BA6 /* 📦 Copy Pods Resources */,
			);
			buildRules = (
			);
			dependencies = (
			);
			name = Earthshake;
			productName = Earthshake;
			productReference = 912F67B81CA472A20034A704 /* Earthshake.app */;
			productType = "com.apple.product-type.application";
		};
/* End PBXNativeTarget section */

/* Begin PBXProject section */
		912F67B01CA472A20034A704 /* Project object */ = {
			isa = PBXProject;
			attributes = {
				LastUpgradeCheck = 0800;
				ORGANIZATIONNAME = AP;
				TargetAttributes = {
					912F67B71CA472A20034A704 = {
						CreatedOnToolsVersion = 7.3;
						DevelopmentTeam = YQH6RK89HR;
					};
				};
			};
			buildConfigurationList = 912F67B31CA472A20034A704 /* Build configuration list for PBXProject "Earthshake" */;
			compatibilityVersion = "Xcode 3.2";
			developmentRegion = English;
			hasScannedForEncodings = 0;
			knownRegions = (
				en,
				Base,
			);
			mainGroup = 912F67AF1CA472A20034A704;
			productRefGroup = 912F67B91CA472A20034A704 /* Products */;
			projectDirPath = "";
			projectRoot = "";
			targets = (
				912F67B71CA472A20034A704 /* Earthshake */,
			);
		};
/* End PBXProject section */

/* Begin PBXResourcesBuildPhase section */
		912F67B61CA472A20034A704 /* Resources */ = {
			isa = PBXResourcesBuildPhase;
			buildActionMask = 2147483647;
			files = (
				912F67CE1CA472A20034A704 /* LaunchScreen.storyboard in Resources */,
				91FDE0931CCC16360000011B /* english.strings in Resources */,
				912F67CB1CA472A20034A704 /* Assets.xcassets in Resources */,
				912F67C91CA472A20034A704 /* Main.storyboard in Resources */,
			);
			runOnlyForDeploymentPostprocessing = 0;
		};
/* End PBXResourcesBuildPhase section */

/* Begin PBXShellScriptBuildPhase section */
		69BA218C2F18FEC43C8517D6 /* 📦 Check Pods Manifest.lock */ = {
			isa = PBXShellScriptBuildPhase;
			buildActionMask = 2147483647;
			files = (
			);
			inputPaths = (
			);
			name = "📦 Check Pods Manifest.lock";
			outputPaths = (
			);
			runOnlyForDeploymentPostprocessing = 0;
			shellPath = /bin/sh;
			shellScript = "diff \"${PODS_ROOT}/../Podfile.lock\" \"${PODS_ROOT}/Manifest.lock\" > /dev/null\nif [[ $? != 0 ]] ; then\n    cat << EOM\nerror: The sandbox is not in sync with the Podfile.lock. Run 'pod install' or update your CocoaPods installation.\nEOM\n    exit 1\nfi\n";
			showEnvVarsInLog = 0;
		};
		9C6106B5788DD15A3C602BA6 /* 📦 Copy Pods Resources */ = {
			isa = PBXShellScriptBuildPhase;
			buildActionMask = 2147483647;
			files = (
			);
			inputPaths = (
			);
			name = "📦 Copy Pods Resources";
			outputPaths = (
			);
			runOnlyForDeploymentPostprocessing = 0;
			shellPath = /bin/sh;
			shellScript = "\"${SRCROOT}/Pods/Target Support Files/Pods-Earthshake/Pods-Earthshake-resources.sh\"\n";
			showEnvVarsInLog = 0;
		};
		D09D1EEA9003EAA171EF2D2C /* 📦 Embed Pods Frameworks */ = {
			isa = PBXShellScriptBuildPhase;
			buildActionMask = 2147483647;
			files = (
			);
			inputPaths = (
			);
			name = "📦 Embed Pods Frameworks";
			outputPaths = (
			);
			runOnlyForDeploymentPostprocessing = 0;
			shellPath = /bin/sh;
			shellScript = "\"${SRCROOT}/Pods/Target Support Files/Pods-Earthshake/Pods-Earthshake-frameworks.sh\"\n";
			showEnvVarsInLog = 0;
		};
/* End PBXShellScriptBuildPhase section */

/* Begin PBXSourcesBuildPhase section */
		912F67B41CA472A20034A704 /* Sources */ = {
			isa = PBXSourcesBuildPhase;
			buildActionMask = 2147483647;
			files = (
				917D68DD1CA4C4AC00161784 /* EarthshakeItem.m in Sources */,
				912F67C61CA472A20034A704 /* EarthshakeListViewController.m in Sources */,
				91C8EE3E1CA6FF8200A570A2 /* EarthshakeServiceFactory.m in Sources */,
				912F67D71CA474620034A704 /* EarthshakeServiceImpl.m in Sources */,
				912F67C01CA472A20034A704 /* EarthshakeAppDelegate.m in Sources */,
				915AA75D1CD3AACF00DF1B66 /* PlaceAnnotation.m in Sources */,
				911560FD1CA9C71900C3D0F6 /* EarthshakeCell.m in Sources */,
				91C8EE3A1CA6F96C00A570A2 /* EarthshakeModelFactory.m in Sources */,
				912F67C31CA472A20034A704 /* EarthshakeMapViewController.m in Sources */,
				912F67BD1CA472A20034A704 /* main.m in Sources */,
				917D68E01CA4C52600161784 /* EarthshakeItemBuilder.m in Sources */,
				9161E68E1CE82A2100173D83 /* EarthshakeSettingsViewController.m in Sources */,
				915AA7671CD3FB4700DF1B66 /* EarthshakeDetailsViewController.m in Sources */,
				91FDE0961CCD1C1D0000011B /* EarthshakeBaseViewController.m in Sources */,
			);
			runOnlyForDeploymentPostprocessing = 0;
		};
/* End PBXSourcesBuildPhase section */

/* Begin PBXVariantGroup section */
		912F67C71CA472A20034A704 /* Main.storyboard */ = {
			isa = PBXVariantGroup;
			children = (
				912F67C81CA472A20034A704 /* Base */,
			);
			name = Main.storyboard;
			sourceTree = "<group>";
		};
		912F67CC1CA472A20034A704 /* LaunchScreen.storyboard */ = {
			isa = PBXVariantGroup;
			children = (
				912F67CD1CA472A20034A704 /* Base */,
			);
			name = LaunchScreen.storyboard;
			sourceTree = "<group>";
		};
/* End PBXVariantGroup section */

/* Begin XCBuildConfiguration section */
		912F67D01CA472A20034A704 /* Debug */ = {
			isa = XCBuildConfiguration;
			buildSettings = {
				ALWAYS_SEARCH_USER_PATHS = NO;
				CLANG_ANALYZER_NONNULL = YES;
				CLANG_CXX_LANGUAGE_STANDARD = "gnu++0x";
				CLANG_CXX_LIBRARY = "libc++";
				CLANG_ENABLE_MODULES = YES;
				CLANG_ENABLE_OBJC_ARC = YES;
				CLANG_WARN_BOOL_CONVERSION = YES;
				CLANG_WARN_CONSTANT_CONVERSION = YES;
				CLANG_WARN_DIRECT_OBJC_ISA_USAGE = YES_ERROR;
				CLANG_WARN_EMPTY_BODY = YES;
				CLANG_WARN_ENUM_CONVERSION = YES;
				CLANG_WARN_INFINITE_RECURSION = YES;
				CLANG_WARN_INT_CONVERSION = YES;
				CLANG_WARN_OBJC_ROOT_CLASS = YES_ERROR;
				CLANG_WARN_SUSPICIOUS_MOVE = YES;
				CLANG_WARN_UNREACHABLE_CODE = YES;
				CLANG_WARN__DUPLICATE_METHOD_MATCH = YES;
				"CODE_SIGN_IDENTITY[sdk=iphoneos*]" = "iPhone Developer";
				COPY_PHASE_STRIP = NO;
				DEBUG_INFORMATION_FORMAT = dwarf;
				ENABLE_STRICT_OBJC_MSGSEND = YES;
				ENABLE_TESTABILITY = YES;
				GCC_C_LANGUAGE_STANDARD = gnu99;
				GCC_DYNAMIC_NO_PIC = NO;
				GCC_NO_COMMON_BLOCKS = YES;
				GCC_OPTIMIZATION_LEVEL = 0;
				GCC_PREPROCESSOR_DEFINITIONS = (
					"DEBUG=1",
					"$(inherited)",
				);
				GCC_WARN_64_TO_32_BIT_CONVERSION = YES;
				GCC_WARN_ABOUT_RETURN_TYPE = YES_ERROR;
				GCC_WARN_UNDECLARED_SELECTOR = YES;
				GCC_WARN_UNINITIALIZED_AUTOS = YES_AGGRESSIVE;
				GCC_WARN_UNUSED_FUNCTION = YES;
				GCC_WARN_UNUSED_VARIABLE = YES;
				IPHONEOS_DEPLOYMENT_TARGET = 9.0;
				MTL_ENABLE_DEBUG_INFO = YES;
				ONLY_ACTIVE_ARCH = YES;
				SDKROOT = iphoneos;
				TARGETED_DEVICE_FAMILY = "1,2";
			};
			name = Debug;
		};
		912F67D11CA472A20034A704 /* Release */ = {
			isa = XCBuildConfiguration;
			buildSettings = {
				ALWAYS_SEARCH_USER_PATHS = NO;
				CLANG_ANALYZER_NONNULL = YES;
				CLANG_CXX_LANGUAGE_STANDARD = "gnu++0x";
				CLANG_CXX_LIBRARY = "libc++";
				CLANG_ENABLE_MODULES = YES;
				CLANG_ENABLE_OBJC_ARC = YES;
				CLANG_WARN_BOOL_CONVERSION = YES;
				CLANG_WARN_CONSTANT_CONVERSION = YES;
				CLANG_WARN_DIRECT_OBJC_ISA_USAGE = YES_ERROR;
				CLANG_WARN_EMPTY_BODY = YES;
				CLANG_WARN_ENUM_CONVERSION = YES;
				CLANG_WARN_INFINITE_RECURSION = YES;
				CLANG_WARN_INT_CONVERSION = YES;
				CLANG_WARN_OBJC_ROOT_CLASS = YES_ERROR;
				CLANG_WARN_SUSPICIOUS_MOVE = YES;
				CLANG_WARN_UNREACHABLE_CODE = YES;
				CLANG_WARN__DUPLICATE_METHOD_MATCH = YES;
				"CODE_SIGN_IDENTITY[sdk=iphoneos*]" = "iPhone Developer";
				COPY_PHASE_STRIP = NO;
				DEBUG_INFORMATION_FORMAT = "dwarf-with-dsym";
				ENABLE_NS_ASSERTIONS = NO;
				ENABLE_STRICT_OBJC_MSGSEND = YES;
				GCC_C_LANGUAGE_STANDARD = gnu99;
				GCC_NO_COMMON_BLOCKS = YES;
				GCC_WARN_64_TO_32_BIT_CONVERSION = YES;
				GCC_WARN_ABOUT_RETURN_TYPE = YES_ERROR;
				GCC_WARN_UNDECLARED_SELECTOR = YES;
				GCC_WARN_UNINITIALIZED_AUTOS = YES_AGGRESSIVE;
				GCC_WARN_UNUSED_FUNCTION = YES;
				GCC_WARN_UNUSED_VARIABLE = YES;
				IPHONEOS_DEPLOYMENT_TARGET = 9.0;
				MTL_ENABLE_DEBUG_INFO = NO;
				SDKROOT = iphoneos;
				TARGETED_DEVICE_FAMILY = "1,2";
				VALIDATE_PRODUCT = YES;
			};
			name = Release;
		};
		912F67D31CA472A20034A704 /* Debug */ = {
			isa = XCBuildConfiguration;
			baseConfigurationReference = 6F4A2D728E62CCC87406E784 /* Pods-Earthshake.debug.xcconfig */;
			buildSettings = {
				ASSETCATALOG_COMPILER_APPICON_NAME = AppIcon;
				CODE_SIGN_IDENTITY = "iPhone Developer";
				DEVELOPMENT_TEAM = YQH6RK89HR;
				INFOPLIST_FILE = Earthshake/Info.plist;
				IPHONEOS_DEPLOYMENT_TARGET = 9.0;
				LD_RUNPATH_SEARCH_PATHS = "$(inherited) @executable_path/Frameworks";
				PRODUCT_BUNDLE_IDENTIFIER = com.akpaunov.Earthshake;
				PRODUCT_NAME = "$(TARGET_NAME)";
			};
			name = Debug;
		};
		912F67D41CA472A20034A704 /* Release */ = {
			isa = XCBuildConfiguration;
			baseConfigurationReference = A3F94EEADFD6FE944F28C44A /* Pods-Earthshake.release.xcconfig */;
			buildSettings = {
				ASSETCATALOG_COMPILER_APPICON_NAME = AppIcon;
				CODE_SIGN_IDENTITY = "iPhone Developer";
				DEVELOPMENT_TEAM = YQH6RK89HR;
				INFOPLIST_FILE = Earthshake/Info.plist;
				IPHONEOS_DEPLOYMENT_TARGET = 9.0;
				LD_RUNPATH_SEARCH_PATHS = "$(inherited) @executable_path/Frameworks";
				PRODUCT_BUNDLE_IDENTIFIER = com.akpaunov.Earthshake;
				PRODUCT_NAME = "$(TARGET_NAME)";
			};
			name = Release;
		};
/* End XCBuildConfiguration section */

/* Begin XCConfigurationList section */
		912F67B31CA472A20034A704 /* Build configuration list for PBXProject "Earthshake" */ = {
			isa = XCConfigurationList;
			buildConfigurations = (
				912F67D01CA472A20034A704 /* Debug */,
				912F67D11CA472A20034A704 /* Release */,
			);
			defaultConfigurationIsVisible = 0;
			defaultConfigurationName = Release;
		};
		912F67D21CA472A20034A704 /* Build configuration list for PBXNativeTarget "Earthshake" */ = {
			isa = XCConfigurationList;
			buildConfigurations = (
				912F67D31CA472A20034A704 /* Debug */,
				912F67D41CA472A20034A704 /* Release */,
			);
			defaultConfigurationIsVisible = 0;
			defaultConfigurationName = Release;
		};
/* End XCConfigurationList section */
	};
	rootObject = 912F67B01CA472A20034A704 /* Project object */;
}
